[[package]]
category = "main"
description = "A small Python module for determining appropriate platform-specific dirs, e.g. a \"user data dir\"."
name = "appdirs"
optional = false
python-versions = "*"
version = "1.4.4"

[[package]]
category = "main"
description = "Updated configparser from Python 3.7 for Python 2.6+."
marker = "python_version < \"3\""
name = "configparser"
optional = false
python-versions = ">=2.6"
version = "4.0.2"

[[package]]
category = "main"
description = "Backports and enhancements for the contextlib module"
marker = "python_version < \"3.4\""
name = "contextlib2"
optional = false
python-versions = ">=2.7, !=3.0.*, !=3.1.*, !=3.2.*, !=3.3.*"
version = "0.6.0.post1"

[[package]]
category = "main"
description = "Distribution utilities"
name = "distlib"
optional = false
python-versions = "*"
version = "0.3.1"

[[package]]
category = "main"
description = "A platform independent file lock."
name = "filelock"
optional = false
python-versions = "*"
version = "3.0.12"

[[package]]
category = "main"
description = "Read metadata from Python packages"
marker = "python_version < \"3.8\""
name = "importlib-metadata"
optional = false
python-versions = "!=3.0.*,!=3.1.*,!=3.2.*,!=3.3.*,!=3.4.*,>=2.7"
version = "1.7.0"

[package.dependencies]
zipp = ">=0.5"

[package.dependencies.configparser]
python = "<3"
version = ">=3.5"

[package.dependencies.contextlib2]
python = "<3"
version = "*"

[package.dependencies.pathlib2]
python = "<3"
version = "*"

[[package]]
category = "main"
description = "Read resources from Python packages"
marker = "python_version < \"3.7\""
name = "importlib-resources"
optional = false
python-versions = "!=3.0.*,!=3.1.*,!=3.2.*,!=3.3.*,!=3.4.*,>=2.7"
version = "3.0.0"

[package.dependencies]
[package.dependencies.contextlib2]
python = "<3"
version = "*"

[package.dependencies.pathlib2]
python = "<3"
version = "*"

[package.dependencies.singledispatch]
python = "<3.4"
version = "*"

[package.dependencies.typing]
python = "<3.5"
version = "*"

[package.dependencies.zipp]
python = "<3.8"
version = ">=0.4"

[[package]]
category = "main"
description = "Object-oriented filesystem paths"
marker = "python_version < \"3.4\" and sys_platform != \"win32\" or python_version < \"3\""
name = "pathlib2"
optional = false
python-versions = "*"
version = "2.3.5"

[package.dependencies]
six = "*"

[package.dependencies.scandir]
python = "<3.5"
version = "*"

[[package]]
category = "main"
description = "scandir, a better directory iterator and faster os.walk()"
marker = "python_version < \"3.4\" and sys_platform != \"win32\" or python_version < \"3\""
name = "scandir"
optional = false
python-versions = "*"
version = "1.10.0"

[[package]]
category = "main"
description = "This library brings functools.singledispatch from Python 3.4 to Python 2.6-3.3."
marker = "python_version < \"3.4\""
name = "singledispatch"
optional = false
python-versions = "*"
version = "3.4.0.3"

[package.dependencies]
six = "*"

[[package]]
category = "main"
description = "Python 2 and 3 compatibility utilities"
name = "six"
optional = false
python-versions = ">=2.7, !=3.0.*, !=3.1.*, !=3.2.*"
version = "1.15.0"

[[package]]
category = "main"
description = "Type Hints for Python"
marker = "python_version < \"3.5\""
name = "typing"
optional = false
python-versions = ">=2.7, !=3.0.*, !=3.1.*, !=3.2.*, !=3.3.*"
version = "3.7.4.3"

[[package]]
category = "main"
description = "Virtual Python Environment builder"
name = "virtualenv"
optional = false
python-versions = "!=3.0.*,!=3.1.*,!=3.2.*,!=3.3.*,>=2.7"
version = "20.0.28"

[package.dependencies]
appdirs = ">=1.4.3,<2"
distlib = ">=0.3.1,<1"
filelock = ">=3.0.0,<4"
six = ">=1.9.0,<2"

[package.dependencies.importlib-metadata]
python = "<3.8"
version = ">=0.12,<2"

[package.dependencies.importlib-resources]
python = "<3.7"
version = ">=1.0"

[package.dependencies.pathlib2]
python = "<3.4"
version = ">=2.3.3,<3"

[[package]]
category = "main"
description = "Backport of pathlib-compatible object wrapper for zip files"
marker = "python_version < \"3.8\""
name = "zipp"
optional = false
python-versions = ">=2.7"
version = "1.2.0"

[package.dependencies]
[package.dependencies.contextlib2]
python = "<3.4"
version = "*"

[metadata]
content-hash = "403774a468bde0ad52a6c087406577f5319522d4319251e113268bb7eb270a5a"
python-versions = "^2.7"

[metadata.hashes]
appdirs = ["7d5d0167b2b1ba821647616af46a749d1c653740dd0d2415100fe26e27afdf41", "a841dacd6b99318a741b166adb07e19ee71a274450e68237b4650ca1055ab128"]
configparser = ["254c1d9c79f60c45dfde850850883d5aaa7f19a23f13561243a050d5a7c3fe4c", "c7d282687a5308319bf3d2e7706e575c635b0a470342641c93bea0ea3b5331df"]
contextlib2 = ["01f490098c18b19d2bd5bb5dc445b2054d2fa97f09a4280ba2c5f3c394c8162e", "3355078a159fbb44ee60ea80abd0d87b80b78c248643b49aa6d94673b413609b"]
distlib = ["8c09de2c67b3e7deef7184574fc060ab8a793e7adbb183d942c389c8b13c52fb", "edf6116872c863e1aa9d5bb7cb5e05a022c519a4594dc703843343a9ddd9bff1"]
filelock = ["18d82244ee114f543149c66a6e0c14e9c4f8a1044b5cdaadd0f82159d6a6ff59", "929b7d63ec5b7d6b71b0fa5ac14e030b3f70b75747cef1b10da9b879fef15836"]
importlib-metadata = ["90bb658cdbbf6d1735b6341ce708fc7024a3e14e99ffdc5783edea9f9b077f83", "dc15b2969b4ce36305c51eebe62d418ac7791e9a157911d58bfb1f9ccd8e2070"]
importlib-resources = ["19f745a6eca188b490b1428c8d1d4a0d2368759f32370ea8fb89cad2ab1106c3", "d028f66b66c0d5732dae86ba4276999855e162a749c92620a38c1d779ed138a7"]
pathlib2 = ["0ec8205a157c80d7acc301c0b18fbd5d44fe655968f5d947b6ecef5290fc35db", "6cd9a47b597b37cc57de1c05e56fb1a1c9cc9fab04fe78c29acd090418529868"]
scandir = ["2586c94e907d99617887daed6c1d102b5ca28f1085f90446554abf1faf73123e", "2ae41f43797ca0c11591c0c35f2f5875fa99f8797cb1a1fd440497ec0ae4b022", "2b8e3888b11abb2217a32af0766bc06b65cc4a928d8727828ee68af5a967fa6f", "2c712840c2e2ee8dfaf36034080108d30060d759c7b73a01a52251cc8989f11f", "4d4631f6062e658e9007ab3149a9b914f3548cb38bfb021c64f39a025ce578ae", "67f15b6f83e6507fdc6fca22fedf6ef8b334b399ca27c6b568cbfaa82a364173", "7d2d7a06a252764061a020407b997dd036f7bd6a175a5ba2b345f0a357f0b3f4", "8c5922863e44ffc00c5c693190648daa6d15e7c1207ed02d6f46a8dcc2869d32", "92c85ac42f41ffdc35b6da57ed991575bdbe69db895507af88b9f499b701c188", "b24086f2375c4a094a6b51e78b4cf7ca16c721dcee2eddd7aa6494b42d6d519d", "cb925555f43060a1745d0a321cca94bcea927c50114b623d73179189a4e100ac"]
singledispatch = ["5b06af87df13818d14f08a028e42f566640aef80805c3b50c5056b086e3c2b9c", "833b46966687b3de7f438c761ac475213e53b306740f1abfaa86e1d1aae56aa8"]
six = ["30639c035cdb23534cd4aa2dd52c3bf48f06e5f4a941509c8bafd8ce11080259", "8b74bedcbbbaca38ff6d7491d76f2b06b3592611af620f8426e82dddb04a5ced"]
typing = ["1187fb9c82fd670d10aa07bbb6cfcfe4bdda42d6fab8d5134f04e8c4d0b71cc9", "283d868f5071ab9ad873e5e52268d611e851c870a2ba354193026f2dfb29d8b5"]
virtualenv = ["688a61d7976d82b92f7906c367e83bb4b3f0af96f8f75bfcd3da95608fe8ac6c", "8f582a030156282a9ee9d319984b759a232b07f86048c1d6a9e394afa44e78c8"]
zipp = ["c70410551488251b0fee67b460fb9a536af8d6f9f008ad10ac51f615b6a521b1", "e0d9e63797e483a30d27e09fffd308c59a700d365ec34e93cc100844168bf921"]
